// !$*UTF8*$!
{
	archiveVersion = 1;
	classes = {
	};
	objectVersion = 46;
	objects = {

/* Begin PBXBuildFile section */
		A723361A1C920E19005BC396 /* main.m in Sources */ = {isa = PBXBuildFile; fileRef = A72336191C920E19005BC396 /* main.m */; };
		A72336221C920E40005BC396 /* Lawyer.m in Sources */ = {isa = PBXBuildFile; fileRef = A72336211C920E40005BC396 /* Lawyer.m */; };
		A72336251C920E47005BC396 /* Practice.m in Sources */ = {isa = PBXBuildFile; fileRef = A72336241C920E47005BC396 /* Practice.m */; };
		A72336281C920E4E005BC396 /* Client.m in Sources */ = {isa = PBXBuildFile; fileRef = A72336271C920E4E005BC396 /* Client.m */; };
		A723362B1C920E59005BC396 /* Associate.m in Sources */ = {isa = PBXBuildFile; fileRef = A723362A1C920E59005BC396 /* Associate.m */; };
/* End PBXBuildFile section */

/* Begin PBXCopyFilesBuildPhase section */
		A72336141C920E19005BC396 /* CopyFiles */ = {
			isa = PBXCopyFilesBuildPhase;
			buildActionMask = 2147483647;
			dstPath = /usr/share/man/man1/;
			dstSubfolderSpec = 0;
			files = (
			);
			runOnlyForDeploymentPostprocessing = 1;
		};
/* End PBXCopyFilesBuildPhase section */

/* Begin PBXFileReference section */
		A72336161C920E19005BC396 /* W1D4Lawyerup */ = {isa = PBXFileReference; explicitFileType = "compiled.mach-o.executable"; includeInIndex = 0; path = W1D4Lawyerup; sourceTree = BUILT_PRODUCTS_DIR; };
		A72336191C920E19005BC396 /* main.m */ = {isa = PBXFileReference; lastKnownFileType = sourcecode.c.objc; path = main.m; sourceTree = "<group>"; };
		A72336201C920E40005BC396 /* Lawyer.h */ = {isa = PBXFileReference; fileEncoding = 4; lastKnownFileType = sourcecode.c.h; path = Lawyer.h; sourceTree = "<group>"; };
		A72336211C920E40005BC396 /* Lawyer.m */ = {isa = PBXFileReference; fileEncoding = 4; lastKnownFileType = sourcecode.c.objc; path = Lawyer.m; sourceTree = "<group>"; };
		A72336231C920E47005BC396 /* Practice.h */ = {isa = PBXFileReference; fileEncoding = 4; lastKnownFileType = sourcecode.c.h; path = Practice.h; sourceTree = "<group>"; };
		A72336241C920E47005BC396 /* Practice.m */ = {isa = PBXFileReference; fileEncoding = 4; lastKnownFileType = sourcecode.c.objc; path = Practice.m; sourceTree = "<group>"; };
		A72336261C920E4E005BC396 /* Client.h */ = {isa = PBXFileReference; fileEncoding = 4; lastKnownFileType = sourcecode.c.h; path = Client.h; sourceTree = "<group>"; };
		A72336271C920E4E005BC396 /* Client.m */ = {isa = PBXFileReference; fileEncoding = 4; lastKnownFileType = sourcecode.c.objc; path = Client.m; sourceTree = "<group>"; };
		A72336291C920E59005BC396 /* Associate.h */ = {isa = PBXFileReference; fileEncoding = 4; lastKnownFileType = sourcecode.c.h; path = Associate.h; sourceTree = "<group>"; };
		A723362A1C920E59005BC396 /* Associate.m */ = {isa = PBXFileReference; fileEncoding = 4; lastKnownFileType = sourcecode.c.objc; path = Associate.m; sourceTree = "<group>"; };
/* End PBXFileReference section */

/* Begin PBXFrameworksBuildPhase section */
		A72336131C920E19005BC396 /* Frameworks */ = {
			isa = PBXFrameworksBuildPhase;
			buildActionMask = 2147483647;
			files = (
			);
			runOnlyForDeploymentPostprocessing = 0;
		};
/* End PBXFrameworksBuildPhase section */

/* Begin PBXGroup section */
		A723360D1C920E19005BC396 = {
			isa = PBXGroup;
			children = (
				A72336181C920E19005BC396 /* W1D4Lawyerup */,
				A72336171C920E19005BC396 /* Products */,
			);
			sourceTree = "<group>";
		};
		A72336171C920E19005BC396 /* Products */ = {
			isa = PBXGroup;
			children = (
				A72336161C920E19005BC396 /* W1D4Lawyerup */,
			);
			name = Products;
			sourceTree = "<group>";
		};
		A72336181C920E19005BC396 /* W1D4Lawyerup */ = {
			isa = PBXGroup;
			children = (
				A72336191C920E19005BC396 /* main.m */,
				A72336231C920E47005BC396 /* Practice.h */,
				A72336241C920E47005BC396 /* Practice.m */,
				A72336201C920E40005BC396 /* Lawyer.h */,
				A72336211C920E40005BC396 /* Lawyer.m */,
				A72336261C920E4E005BC396 /* Client.h */,
				A72336271C920E4E005BC396 /* Client.m */,
				A72336291C920E59005BC396 /* Associate.h */,
				A723362A1C920E59005BC396 /* Associate.m */,
			);
			path = W1D4Lawyerup;
			sourceTree = "<group>";
		};
/* End PBXGroup section */

/* Begin PBXNativeTarget section */
		A72336151C920E19005BC396 /* W1D4Lawyerup */ = {
			isa = PBXNativeTarget;
			buildConfigurationList = A723361D1C920E19005BC396 /* Build configuration list for PBXNativeTarget "W1D4Lawyerup" */;
			buildPhases = (
				A72336121C920E19005BC396 /* Sources */,
				A72336131C920E19005BC396 /* Frameworks */,
				A72336141C920E19005BC396 /* CopyFiles */,
			);
			buildRules = (
			);
			dependencies = (
			);
			name = W1D4Lawyerup;
			productName = W1D4Lawyerup;
			productReference = A72336161C920E19005BC396 /* W1D4Lawyerup */;
			productType = "com.apple.product-type.tool";
		};
/* End PBXNativeTarget section */

/* Begin PBXProject section */
		A723360E1C920E19005BC396 /* Project object */ = {
			isa = PBXProject;
			attributes = {
				LastUpgradeCheck = 0720;
				ORGANIZATIONNAME = AccessIT;
				TargetAttributes = {
					A72336151C920E19005BC396 = {
						CreatedOnToolsVersion = 7.2.1;
					};
				};
			};
			buildConfigurationList = A72336111C920E19005BC396 /* Build configuration list for PBXProject "W1D4Lawyerup" */;
			compatibilityVersion = "Xcode 3.2";
			developmentRegion = English;
			hasScannedForEncodings = 0;
			knownRegions = (
				en,
			);
			mainGroup = A723360D1C920E19005BC396;
			productRefGroup = A72336171C920E19005BC396 /* Products */;
			projectDirPath = "";
			projectRoot = "";
			targets = (
				A72336151C920E19005BC396 /* W1D4Lawyerup */,
			);
		};
/* End PBXProject section */

/* Begin PBXSourcesBuildPhase section */
		A72336121C920E19005BC396 /* Sources */ = {
			isa = PBXSourcesBuildPhase;
			buildActionMask = 2147483647;
			files = (
				A72336251C920E47005BC396 /* Practice.m in Sources */,
				A723361A1C920E19005BC396 /* main.m in Sources */,
				A72336281C920E4E005BC396 /* Client.m in Sources */,
				A723362B1C920E59005BC396 /* Associate.m in Sources */,
				A72336221C920E40005BC396 /* Lawyer.m in Sources */,
			);
			runOnlyForDeploymentPostprocessing = 0;
		};
/* End PBXSourcesBuildPhase section */

/* Begin XCBuildConfiguration section */
		A723361B1C920E19005BC396 /* Debug */ = {
			isa = XCBuildConfiguration;
			buildSettings = {
				ALWAYS_SEARCH_USER_PATHS = NO;
				CLANG_CXX_LANGUAGE_STANDARD = "gnu++0x";
				CLANG_CXX_LIBRARY = "libc++";
				CLANG_ENABLE_MODULES = YES;
				CLANG_ENABLE_OBJC_ARC = YES;
				CLANG_WARN_BOOL_CONVERSION = YES;
				CLANG_WARN_CONSTANT_CONVERSION = YES;
				CLANG_WARN_DIRECT_OBJC_ISA_USAGE = YES_ERROR;
				CLANG_WARN_EMPTY_BODY = YES;
				CLANG_WARN_ENUM_CONVERSION = YES;
				CLANG_WARN_INT_CONVERSION = YES;
				CLANG_WARN_OBJC_ROOT_CLASS = YES_ERROR;
				CLANG_WARN_UNREACHABLE_CODE = YES;
				CLANG_WARN__DUPLICATE_METHOD_MATCH = YES;
				CODE_SIGN_IDENTITY = "-";
				COPY_PHASE_STRIP = NO;
				DEBUG_INFORMATION_FORMAT = dwarf;
				ENABLE_STRICT_OBJC_MSGSEND = YES;
				ENABLE_TESTABILITY = YES;
				GCC_C_LANGUAGE_STANDARD = gnu99;
				GCC_DYNAMIC_NO_PIC = NO;
				GCC_NO_COMMON_BLOCKS = YES;
				GCC_OPTIMIZATION_LEVEL = 0;
				GCC_PREPROCESSOR_DEFINITIONS = (
					"DEBUG=1",
					"$(inherited)",
				);
				GCC_WARN_64_TO_32_BIT_CONVERSION = YES;
				GCC_WARN_ABOUT_RETURN_TYPE = YES_ERROR;
				GCC_WARN_UNDECLARED_SELECTOR = YES;
				GCC_WARN_UNINITIALIZED_AUTOS = YES_AGGRESSIVE;
				GCC_WARN_UNUSED_FUNCTION = YES;
				GCC_WARN_UNUSED_VARIABLE = YES;
				MACOSX_DEPLOYMENT_TARGET = 10.11;
				MTL_ENABLE_DEBUG_INFO = YES;
				ONLY_ACTIVE_ARCH = YES;
				SDKROOT = macosx;
			};
			name = Debug;
		};
		A723361C1C920E19005BC396 /* Release */ = {
			isa = XCBuildConfiguration;
			buildSettings = {
				ALWAYS_SEARCH_USER_PATHS = NO;
				CLANG_CXX_LANGUAGE_STANDARD = "gnu++0x";
				CLANG_CXX_LIBRARY = "libc++";
				CLANG_ENABLE_MODULES = YES;
				CLANG_ENABLE_OBJC_ARC = YES;
				CLANG_WARN_BOOL_CONVERSION = YES;
				CLANG_WARN_CONSTANT_CONVERSION = YES;
				CLANG_WARN_DIRECT_OBJC_ISA_USAGE = YES_ERROR;
				CLANG_WARN_EMPTY_BODY = YES;
				CLANG_WARN_ENUM_CONVERSION = YES;
				CLANG_WARN_INT_CONVERSION = YES;
				CLANG_WARN_OBJC_ROOT_CLASS = YES_ERROR;
				CLANG_WARN_UNREACHABLE_CODE = YES;
				CLANG_WARN__DUPLICATE_METHOD_MATCH = YES;
				CODE_SIGN_IDENTITY = "-";
				COPY_PHASE_STRIP = NO;
				DEBUG_INFORMATION_FORMAT = "dwarf-with-dsym";
				ENABLE_NS_ASSERTIONS = NO;
				ENABLE_STRICT_OBJC_MSGSEND = YES;
				GCC_C_LANGUAGE_STANDARD = gnu99;
				GCC_NO_COMMON_BLOCKS = YES;
				GCC_WARN_64_TO_32_BIT_CONVERSION = YES;
				GCC_WARN_ABOUT_RETURN_TYPE = YES_ERROR;
				GCC_WARN_UNDECLARED_SELECTOR = YES;
				GCC_WARN_UNINITIALIZED_AUTOS = YES_AGGRESSIVE;
				GCC_WARN_UNUSED_FUNCTION = YES;
				GCC_WARN_UNUSED_VARIABLE = YES;
				MACOSX_DEPLOYMENT_TARGET = 10.11;
				MTL_ENABLE_DEBUG_INFO = NO;
				SDKROOT = macosx;
			};
			name = Release;
		};
		A723361E1C920E19005BC396 /* Debug */ = {
			isa = XCBuildConfiguration;
			buildSettings = {
				PRODUCT_NAME = "$(TARGET_NAME)";
			};
			name = Debug;
		};
		A723361F1C920E19005BC396 /* Release */ = {
			isa = XCBuildConfiguration;
			buildSettings = {
				PRODUCT_NAME = "$(TARGET_NAME)";
			};
			name = Release;
		};
/* End XCBuildConfiguration section */

/* Begin XCConfigurationList section */
		A72336111C920E19005BC396 /* Build configuration list for PBXProject "W1D4Lawyerup" */ = {
			isa = XCConfigurationList;
			buildConfigurations = (
				A723361B1C920E19005BC396 /* Debug */,
				A723361C1C920E19005BC396 /* Release */,
			);
			defaultConfigurationIsVisible = 0;
			defaultConfigurationName = Release;
		};
		A723361D1C920E19005BC396 /* Build configuration list for PBXNativeTarget "W1D4Lawyerup" */ = {
			isa = XCConfigurationList;
			buildConfigurations = (
				A723361E1C920E19005BC396 /* Debug */,
				A723361F1C920E19005BC396 /* Release */,
			);
			defaultConfigurationIsVisible = 0;
		};
/* End XCConfigurationList section */
	};
	rootObject = A723360E1C920E19005BC396 /* Project object */;
}
